
Microsoft Visual Studio Solution File, Format Version 12.00
Project("{FAE04EC0-301F-11D3-BF4B-00C04F79EFBC}") = "Väistä", "Väistä\Väistä.csproj", "{675AFFCF-B97A-4DFD-8C96-1384B281852B}"
EndProject
Global
	GlobalSection(SolutionConfigurationPlatforms) = preSolution
		Debug|Any CPU = Debug|Any CPU
		Release|Any CPU = Release|Any CPU
	EndGlobalSection
	GlobalSection(ProjectConfigurationPlatforms) = postSolution
		{675AFFCF-B97A-4DFD-8C96-1384B281852B}.Debug|Any CPU.ActiveCfg = Debug|Any CPU
		{675AFFCF-B97A-4DFD-8C96-1384B281852B}.Debug|Any CPU.Build.0 = Debug|Any CPU
		{675AFFCF-B97A-4DFD-8C96-1384B281852B}.Release|Any CPU.ActiveCfg = Release|Any CPU
		{675AFFCF-B97A-4DFD-8C96-1384B281852B}.Release|Any CPU.Build.0 = Release|Any CPU
	EndGlobalSection
EndGlobal
